// !$*UTF8*$!
{
	archiveVersion = 1;
	classes = {
	};
	objectVersion = 56;
	objects = {

/* Begin PBXBuildFile section */
		A526A53B2D0A752C006697B6 /* SwiftyJSON in Frameworks */ = {isa = PBXBuildFile; productRef = A526A53A2D0A752C006697B6 /* SwiftyJSON */; };
		A5E07B762D07AD4000B107AE /* SaunaAppApp.swift in Sources */ = {isa = PBXBuildFile; fileRef = A5E07B752D07AD4000B107AE /* SaunaAppApp.swift */; };
		A5E07B782D07AD4000B107AE /* ContentView.swift in Sources */ = {isa = PBXBuildFile; fileRef = A5E07B772D07AD4000B107AE /* ContentView.swift */; };
		A5E07B7A2D07AD4100B107AE /* Assets.xcassets in Resources */ = {isa = PBXBuildFile; fileRef = A5E07B792D07AD4100B107AE /* Assets.xcassets */; };
		A5E07B7D2D07AD4100B107AE /* Preview Assets.xcassets in Resources */ = {isa = PBXBuildFile; fileRef = A5E07B7C2D07AD4100B107AE /* Preview Assets.xcassets */; };
		A5E07B872D07AD4100B107AE /* SaunaAppTests.swift in Sources */ = {isa = PBXBuildFile; fileRef = A5E07B862D07AD4100B107AE /* SaunaAppTests.swift */; };
		A5E07B912D07AD4100B107AE /* SaunaAppUITests.swift in Sources */ = {isa = PBXBuildFile; fileRef = A5E07B902D07AD4100B107AE /* SaunaAppUITests.swift */; };
		A5E07B932D07AD4100B107AE /* SaunaAppUITestsLaunchTests.swift in Sources */ = {isa = PBXBuildFile; fileRef = A5E07B922D07AD4100B107AE /* SaunaAppUITestsLaunchTests.swift */; };
/* End PBXBuildFile section */

/* Begin PBXContainerItemProxy section */
		A5E07B832D07AD4100B107AE /* PBXContainerItemProxy */ = {
			isa = PBXContainerItemProxy;
			containerPortal = A5E07B6A2D07AD4000B107AE /* Project object */;
			proxyType = 1;
			remoteGlobalIDString = A5E07B712D07AD4000B107AE;
			remoteInfo = SaunaApp;
		};
		A5E07B8D2D07AD4100B107AE /* PBXContainerItemProxy */ = {
			isa = PBXContainerItemProxy;
			containerPortal = A5E07B6A2D07AD4000B107AE /* Project object */;
			proxyType = 1;
			remoteGlobalIDString = A5E07B712D07AD4000B107AE;
			remoteInfo = SaunaApp;
		};
/* End PBXContainerItemProxy section */

/* Begin PBXFileReference section */
		A5E07B722D07AD4000B107AE /* SaunaApp.app */ = {isa = PBXFileReference; explicitFileType = wrapper.application; includeInIndex = 0; path = SaunaApp.app; sourceTree = BUILT_PRODUCTS_DIR; };
		A5E07B752D07AD4000B107AE /* SaunaAppApp.swift */ = {isa = PBXFileReference; lastKnownFileType = sourcecode.swift; path = SaunaAppApp.swift; sourceTree = "<group>"; };
		A5E07B772D07AD4000B107AE /* ContentView.swift */ = {isa = PBXFileReference; lastKnownFileType = sourcecode.swift; path = ContentView.swift; sourceTree = "<group>"; };
		A5E07B792D07AD4100B107AE /* Assets.xcassets */ = {isa = PBXFileReference; lastKnownFileType = folder.assetcatalog; path = Assets.xcassets; sourceTree = "<group>"; };
		A5E07B7C2D07AD4100B107AE /* Preview Assets.xcassets */ = {isa = PBXFileReference; lastKnownFileType = folder.assetcatalog; path = "Preview Assets.xcassets"; sourceTree = "<group>"; };
		A5E07B822D07AD4100B107AE /* SaunaAppTests.xctest */ = {isa = PBXFileReference; explicitFileType = wrapper.cfbundle; includeInIndex = 0; path = SaunaAppTests.xctest; sourceTree = BUILT_PRODUCTS_DIR; };
		A5E07B862D07AD4100B107AE /* SaunaAppTests.swift */ = {isa = PBXFileReference; lastKnownFileType = sourcecode.swift; path = SaunaAppTests.swift; sourceTree = "<group>"; };
		A5E07B8C2D07AD4100B107AE /* SaunaAppUITests.xctest */ = {isa = PBXFileReference; explicitFileType = wrapper.cfbundle; includeInIndex = 0; path = SaunaAppUITests.xctest; sourceTree = BUILT_PRODUCTS_DIR; };
		A5E07B902D07AD4100B107AE /* SaunaAppUITests.swift */ = {isa = PBXFileReference; lastKnownFileType = sourcecode.swift; path = SaunaAppUITests.swift; sourceTree = "<group>"; };
		A5E07B922D07AD4100B107AE /* SaunaAppUITestsLaunchTests.swift */ = {isa = PBXFileReference; lastKnownFileType = sourcecode.swift; path = SaunaAppUITestsLaunchTests.swift; sourceTree = "<group>"; };
/* End PBXFileReference section */

/* Begin PBXFrameworksBuildPhase section */
		A5E07B6F2D07AD4000B107AE /* Frameworks */ = {
			isa = PBXFrameworksBuildPhase;
			buildActionMask = 2147483647;
			files = (
				A526A53B2D0A752C006697B6 /* SwiftyJSON in Frameworks */,
			);
			runOnlyForDeploymentPostprocessing = 0;
		};
		A5E07B7F2D07AD4100B107AE /* Frameworks */ = {
			isa = PBXFrameworksBuildPhase;
			buildActionMask = 2147483647;
			files = (
			);
			runOnlyForDeploymentPostprocessing = 0;
		};
		A5E07B892D07AD4100B107AE /* Frameworks */ = {
			isa = PBXFrameworksBuildPhase;
			buildActionMask = 2147483647;
			files = (
			);
			runOnlyForDeploymentPostprocessing = 0;
		};
/* End PBXFrameworksBuildPhase section */

/* Begin PBXGroup section */
		A5E07B692D07AD4000B107AE = {
			isa = PBXGroup;
			children = (
				A5E07B742D07AD4000B107AE /* SaunaApp */,
				A5E07B852D07AD4100B107AE /* SaunaAppTests */,
				A5E07B8F2D07AD4100B107AE /* SaunaAppUITests */,
				A5E07B732D07AD4000B107AE /* Products */,
			);
			sourceTree = "<group>";
		};
		A5E07B732D07AD4000B107AE /* Products */ = {
			isa = PBXGroup;
			children = (
				A5E07B722D07AD4000B107AE /* SaunaApp.app */,
				A5E07B822D07AD4100B107AE /* SaunaAppTests.xctest */,
				A5E07B8C2D07AD4100B107AE /* SaunaAppUITests.xctest */,
			);
			name = Products;
			sourceTree = "<group>";
		};
		A5E07B742D07AD4000B107AE /* SaunaApp */ = {
			isa = PBXGroup;
			children = (
				A5E07B752D07AD4000B107AE /* SaunaAppApp.swift */,
				A5E07B772D07AD4000B107AE /* ContentView.swift */,
				A5E07B792D07AD4100B107AE /* Assets.xcassets */,
				A5E07B7B2D07AD4100B107AE /* Preview Content */,
			);
			path = SaunaApp;
			sourceTree = "<group>";
		};
		A5E07B7B2D07AD4100B107AE /* Preview Content */ = {
			isa = PBXGroup;
			children = (
				A5E07B7C2D07AD4100B107AE /* Preview Assets.xcassets */,
			);
			path = "Preview Content";
			sourceTree = "<group>";
		};
		A5E07B852D07AD4100B107AE /* SaunaAppTests */ = {
			isa = PBXGroup;
			children = (
				A5E07B862D07AD4100B107AE /* SaunaAppTests.swift */,
			);
			path = SaunaAppTests;
			sourceTree = "<group>";
		};
		A5E07B8F2D07AD4100B107AE /* SaunaAppUITests */ = {
			isa = PBXGroup;
			children = (
				A5E07B902D07AD4100B107AE /* SaunaAppUITests.swift */,
				A5E07B922D07AD4100B107AE /* SaunaAppUITestsLaunchTests.swift */,
			);
			path = SaunaAppUITests;
			sourceTree = "<group>";
		};
/* End PBXGroup section */

/* Begin PBXNativeTarget section */
		A5E07B712D07AD4000B107AE /* SaunaApp */ = {
			isa = PBXNativeTarget;
			buildConfigurationList = A5E07B962D07AD4100B107AE /* Build configuration list for PBXNativeTarget "SaunaApp" */;
			buildPhases = (
				A5E07B6E2D07AD4000B107AE /* Sources */,
				A5E07B6F2D07AD4000B107AE /* Frameworks */,
				A5E07B702D07AD4000B107AE /* Resources */,
			);
			buildRules = (
			);
			dependencies = (
			);
			name = SaunaApp;
			packageProductDependencies = (
				A526A53A2D0A752C006697B6 /* SwiftyJSON */,
			);
			productName = SaunaApp;
			productReference = A5E07B722D07AD4000B107AE /* SaunaApp.app */;
			productType = "com.apple.product-type.application";
		};
		A5E07B812D07AD4100B107AE /* SaunaAppTests */ = {
			isa = PBXNativeTarget;
			buildConfigurationList = A5E07B992D07AD4100B107AE /* Build configuration list for PBXNativeTarget "SaunaAppTests" */;
			buildPhases = (
				A5E07B7E2D07AD4100B107AE /* Sources */,
				A5E07B7F2D07AD4100B107AE /* Frameworks */,
				A5E07B802D07AD4100B107AE /* Resources */,
			);
			buildRules = (
			);
			dependencies = (
				A5E07B842D07AD4100B107AE /* PBXTargetDependency */,
			);
			name = SaunaAppTests;
			productName = SaunaAppTests;
			productReference = A5E07B822D07AD4100B107AE /* SaunaAppTests.xctest */;
			productType = "com.apple.product-type.bundle.unit-test";
		};
		A5E07B8B2D07AD4100B107AE /* SaunaAppUITests */ = {
			isa = PBXNativeTarget;
			buildConfigurationList = A5E07B9C2D07AD4100B107AE /* Build configuration list for PBXNativeTarget "SaunaAppUITests" */;
			buildPhases = (
				A5E07B882D07AD4100B107AE /* Sources */,
				A5E07B892D07AD4100B107AE /* Frameworks */,
				A5E07B8A2D07AD4100B107AE /* Resources */,
			);
			buildRules = (
			);
			dependencies = (
				A5E07B8E2D07AD4100B107AE /* PBXTargetDependency */,
			);
			name = SaunaAppUITests;
			productName = SaunaAppUITests;
			productReference = A5E07B8C2D07AD4100B107AE /* SaunaAppUITests.xctest */;
			productType = "com.apple.product-type.bundle.ui-testing";
		};
/* End PBXNativeTarget section */

/* Begin PBXProject section */
		A5E07B6A2D07AD4000B107AE /* Project object */ = {
			isa = PBXProject;
			attributes = {
				BuildIndependentTargetsInParallel = 1;
				LastSwiftUpdateCheck = 1500;
				LastUpgradeCheck = 1500;
				TargetAttributes = {
					A5E07B712D07AD4000B107AE = {
						CreatedOnToolsVersion = 15.0.1;
					};
					A5E07B812D07AD4100B107AE = {
						CreatedOnToolsVersion = 15.0.1;
						TestTargetID = A5E07B712D07AD4000B107AE;
					};
					A5E07B8B2D07AD4100B107AE = {
						CreatedOnToolsVersion = 15.0.1;
						TestTargetID = A5E07B712D07AD4000B107AE;
					};
				};
			};
			buildConfigurationList = A5E07B6D2D07AD4000B107AE /* Build configuration list for PBXProject "SaunaApp" */;
			compatibilityVersion = "Xcode 14.0";
			developmentRegion = en;
			hasScannedForEncodings = 0;
			knownRegions = (
				en,
				Base,
			);
			mainGroup = A5E07B692D07AD4000B107AE;
			packageReferences = (
				A526A5392D0A752C006697B6 /* XCRemoteSwiftPackageReference "SwiftyJSON" */,
			);
			productRefGroup = A5E07B732D07AD4000B107AE /* Products */;
			projectDirPath = "";
			projectRoot = "";
			targets = (
				A5E07B712D07AD4000B107AE /* SaunaApp */,
				A5E07B812D07AD4100B107AE /* SaunaAppTests */,
				A5E07B8B2D07AD4100B107AE /* SaunaAppUITests */,
			);
		};
/* End PBXProject section */

/* Begin PBXResourcesBuildPhase section */
		A5E07B702D07AD4000B107AE /* Resources */ = {
			isa = PBXResourcesBuildPhase;
			buildActionMask = 2147483647;
			files = (
				A5E07B7D2D07AD4100B107AE /* Preview Assets.xcassets in Resources */,
				A5E07B7A2D07AD4100B107AE /* Assets.xcassets in Resources */,
			);
			runOnlyForDeploymentPostprocessing = 0;
		};
		A5E07B802D07AD4100B107AE /* Resources */ = {
			isa = PBXResourcesBuildPhase;
			buildActionMask = 2147483647;
			files = (
			);
			runOnlyForDeploymentPostprocessing = 0;
		};
		A5E07B8A2D07AD4100B107AE /* Resources */ = {
			isa = PBXResourcesBuildPhase;
			buildActionMask = 2147483647;
			files = (
			);
			runOnlyForDeploymentPostprocessing = 0;
		};
/* End PBXResourcesBuildPhase section */

/* Begin PBXSourcesBuildPhase section */
		A5E07B6E2D07AD4000B107AE /* Sources */ = {
			isa = PBXSourcesBuildPhase;
			buildActionMask = 2147483647;
			files = (
				A5E07B782D07AD4000B107AE /* ContentView.swift in Sources */,
				A5E07B762D07AD4000B107AE /* SaunaAppApp.swift in Sources */,
			);
			runOnlyForDeploymentPostprocessing = 0;
		};
		A5E07B7E2D07AD4100B107AE /* Sources */ = {
			isa = PBXSourcesBuildPhase;
			buildActionMask = 2147483647;
			files = (
				A5E07B872D07AD4100B107AE /* SaunaAppTests.swift in Sources */,
			);
			runOnlyForDeploymentPostprocessing = 0;
		};
		A5E07B882D07AD4100B107AE /* Sources */ = {
			isa = PBXSourcesBuildPhase;
			buildActionMask = 2147483647;
			files = (
				A5E07B932D07AD4100B107AE /* SaunaAppUITestsLaunchTests.swift in Sources */,
				A5E07B912D07AD4100B107AE /* SaunaAppUITests.swift in Sources */,
			);
			runOnlyForDeploymentPostprocessing = 0;
		};
/* End PBXSourcesBuildPhase section */

/* Begin PBXTargetDependency section */
		A5E07B842D07AD4100B107AE /* PBXTargetDependency */ = {
			isa = PBXTargetDependency;
			target = A5E07B712D07AD4000B107AE /* SaunaApp */;
			targetProxy = A5E07B832D07AD4100B107AE /* PBXContainerItemProxy */;
		};
		A5E07B8E2D07AD4100B107AE /* PBXTargetDependency */ = {
			isa = PBXTargetDependency;
			target = A5E07B712D07AD4000B107AE /* SaunaApp */;
			targetProxy = A5E07B8D2D07AD4100B107AE /* PBXContainerItemProxy */;
		};
/* End PBXTargetDependency section */

/* Begin XCBuildConfiguration section */
		A5E07B942D07AD4100B107AE /* Debug */ = {
			isa = XCBuildConfiguration;
			buildSettings = {
				ALWAYS_SEARCH_USER_PATHS = NO;
				ASSETCATALOG_COMPILER_GENERATE_SWIFT_ASSET_SYMBOL_EXTENSIONS = YES;
				CLANG_ANALYZER_NONNULL = YES;
				CLANG_ANALYZER_NUMBER_OBJECT_CONVERSION = YES_AGGRESSIVE;
				CLANG_CXX_LANGUAGE_STANDARD = "gnu++20";
				CLANG_ENABLE_MODULES = YES;
				CLANG_ENABLE_OBJC_ARC = YES;
				CLANG_ENABLE_OBJC_WEAK = YES;
				CLANG_WARN_BLOCK_CAPTURE_AUTORELEASING = YES;
				CLANG_WARN_BOOL_CONVERSION = YES;
				CLANG_WARN_COMMA = YES;
				CLANG_WARN_CONSTANT_CONVERSION = YES;
				CLANG_WARN_DEPRECATED_OBJC_IMPLEMENTATIONS = YES;
				CLANG_WARN_DIRECT_OBJC_ISA_USAGE = YES_ERROR;
				CLANG_WARN_DOCUMENTATION_COMMENTS = YES;
				CLANG_WARN_EMPTY_BODY = YES;
				CLANG_WARN_ENUM_CONVERSION = YES;
				CLANG_WARN_INFINITE_RECURSION = YES;
				CLANG_WARN_INT_CONVERSION = YES;
				CLANG_WARN_NON_LITERAL_NULL_CONVERSION = YES;
				CLANG_WARN_OBJC_IMPLICIT_RETAIN_SELF = YES;
				CLANG_WARN_OBJC_LITERAL_CONVERSION = YES;
				CLANG_WARN_OBJC_ROOT_CLASS = YES_ERROR;
				CLANG_WARN_QUOTED_INCLUDE_IN_FRAMEWORK_HEADER = YES;
				CLANG_WARN_RANGE_LOOP_ANALYSIS = YES;
				CLANG_WARN_STRICT_PROTOTYPES = YES;
				CLANG_WARN_SUSPICIOUS_MOVE = YES;
				CLANG_WARN_UNGUARDED_AVAILABILITY = YES_AGGRESSIVE;
				CLANG_WARN_UNREACHABLE_CODE = YES;
				CLANG_WARN__DUPLICATE_METHOD_MATCH = YES;
				COPY_PHASE_STRIP = NO;
				DEBUG_INFORMATION_FORMAT = dwarf;
				ENABLE_STRICT_OBJC_MSGSEND = YES;
				ENABLE_TESTABILITY = YES;
				ENABLE_USER_SCRIPT_SANDBOXING = YES;
				GCC_C_LANGUAGE_STANDARD = gnu17;
				GCC_DYNAMIC_NO_PIC = NO;
				GCC_NO_COMMON_BLOCKS = YES;
				GCC_OPTIMIZATION_LEVEL = 0;
				GCC_PREPROCESSOR_DEFINITIONS = (
					"DEBUG=1",
					"$(inherited)",
				);
				GCC_WARN_64_TO_32_BIT_CONVERSION = YES;
				GCC_WARN_ABOUT_RETURN_TYPE = YES_ERROR;
				GCC_WARN_UNDECLARED_SELECTOR = YES;
				GCC_WARN_UNINITIALIZED_AUTOS = YES_AGGRESSIVE;
				GCC_WARN_UNUSED_FUNCTION = YES;
				GCC_WARN_UNUSED_VARIABLE = YES;
				IPHONEOS_DEPLOYMENT_TARGET = 17.0;
				LOCALIZATION_PREFERS_STRING_CATALOGS = YES;
				MTL_ENABLE_DEBUG_INFO = INCLUDE_SOURCE;
				MTL_FAST_MATH = YES;
				ONLY_ACTIVE_ARCH = YES;
				SDKROOT = iphoneos;
				SWIFT_ACTIVE_COMPILATION_CONDITIONS = "DEBUG $(inherited)";
				SWIFT_OPTIMIZATION_LEVEL = "-Onone";
			};
			name = Debug;
		};
		A5E07B952D07AD4100B107AE /* Release */ = {
			isa = XCBuildConfiguration;
			buildSettings = {
				ALWAYS_SEARCH_USER_PATHS = NO;
				ASSETCATALOG_COMPILER_GENERATE_SWIFT_ASSET_SYMBOL_EXTENSIONS = YES;
				CLANG_ANALYZER_NONNULL = YES;
				CLANG_ANALYZER_NUMBER_OBJECT_CONVERSION = YES_AGGRESSIVE;
				CLANG_CXX_LANGUAGE_STANDARD = "gnu++20";
				CLANG_ENABLE_MODULES = YES;
				CLANG_ENABLE_OBJC_ARC = YES;
				CLANG_ENABLE_OBJC_WEAK = YES;
				CLANG_WARN_BLOCK_CAPTURE_AUTORELEASING = YES;
				CLANG_WARN_BOOL_CONVERSION = YES;
				CLANG_WARN_COMMA = YES;
				CLANG_WARN_CONSTANT_CONVERSION = YES;
				CLANG_WARN_DEPRECATED_OBJC_IMPLEMENTATIONS = YES;
				CLANG_WARN_DIRECT_OBJC_ISA_USAGE = YES_ERROR;
				CLANG_WARN_DOCUMENTATION_COMMENTS = YES;
				CLANG_WARN_EMPTY_BODY = YES;
				CLANG_WARN_ENUM_CONVERSION = YES;
				CLANG_WARN_INFINITE_RECURSION = YES;
				CLANG_WARN_INT_CONVERSION = YES;
				CLANG_WARN_NON_LITERAL_NULL_CONVERSION = YES;
				CLANG_WARN_OBJC_IMPLICIT_RETAIN_SELF = YES;
				CLANG_WARN_OBJC_LITERAL_CONVERSION = YES;
				CLANG_WARN_OBJC_ROOT_CLASS = YES_ERROR;
				CLANG_WARN_QUOTED_INCLUDE_IN_FRAMEWORK_HEADER = YES;
				CLANG_WARN_RANGE_LOOP_ANALYSIS = YES;
				CLANG_WARN_STRICT_PROTOTYPES = YES;
				CLANG_WARN_SUSPICIOUS_MOVE = YES;
				CLANG_WARN_UNGUARDED_AVAILABILITY = YES_AGGRESSIVE;
				CLANG_WARN_UNREACHABLE_CODE = YES;
				CLANG_WARN__DUPLICATE_METHOD_MATCH = YES;
				COPY_PHASE_STRIP = NO;
				DEBUG_INFORMATION_FORMAT = "dwarf-with-dsym";
				ENABLE_NS_ASSERTIONS = NO;
				ENABLE_STRICT_OBJC_MSGSEND = YES;
				ENABLE_USER_SCRIPT_SANDBOXING = YES;
				GCC_C_LANGUAGE_STANDARD = gnu17;
				GCC_NO_COMMON_BLOCKS = YES;
				GCC_WARN_64_TO_32_BIT_CONVERSION = YES;
				GCC_WARN_ABOUT_RETURN_TYPE = YES_ERROR;
				GCC_WARN_UNDECLARED_SELECTOR = YES;
				GCC_WARN_UNINITIALIZED_AUTOS = YES_AGGRESSIVE;
				GCC_WARN_UNUSED_FUNCTION = YES;
				GCC_WARN_UNUSED_VARIABLE = YES;
				IPHONEOS_DEPLOYMENT_TARGET = 17.0;
				LOCALIZATION_PREFERS_STRING_CATALOGS = YES;
				MTL_ENABLE_DEBUG_INFO = NO;
				MTL_FAST_MATH = YES;
				SDKROOT = iphoneos;
				SWIFT_COMPILATION_MODE = wholemodule;
				VALIDATE_PRODUCT = YES;
			};
			name = Release;
		};
		A5E07B972D07AD4100B107AE /* Debug */ = {
			isa = XCBuildConfiguration;
			buildSettings = {
				ASSETCATALOG_COMPILER_APPICON_NAME = AppIcon;
				ASSETCATALOG_COMPILER_GLOBAL_ACCENT_COLOR_NAME = AccentColor;
				CODE_SIGN_STYLE = Automatic;
				CURRENT_PROJECT_VERSION = 1;
				DEVELOPMENT_ASSET_PATHS = "\"SaunaApp/Preview Content\"";
				ENABLE_PREVIEWS = YES;
				GENERATE_INFOPLIST_FILE = YES;
				INFOPLIST_KEY_UIApplicationSceneManifest_Generation = YES;
				INFOPLIST_KEY_UIApplicationSupportsIndirectInputEvents = YES;
				INFOPLIST_KEY_UILaunchScreen_Generation = YES;
				INFOPLIST_KEY_UISupportedInterfaceOrientations_iPad = "UIInterfaceOrientationPortrait UIInterfaceOrientationPortraitUpsideDown UIInterfaceOrientationLandscapeLeft UIInterfaceOrientationLandscapeRight";
				INFOPLIST_KEY_UISupportedInterfaceOrientations_iPhone = "UIInterfaceOrientationPortrait UIInterfaceOrientationLandscapeLeft UIInterfaceOrientationLandscapeRight";
				LD_RUNPATH_SEARCH_PATHS = (
					"$(inherited)",
					"@executable_path/Frameworks",
				);
				MARKETING_VERSION = 1.0;
				PRODUCT_BUNDLE_IDENTIFIER = eli.SaunaApp;
				PRODUCT_NAME = "$(TARGET_NAME)";
				SWIFT_EMIT_LOC_STRINGS = YES;
				SWIFT_VERSION = 5.0;
				TARGETED_DEVICE_FAMILY = "1,2";
			};
			name = Debug;
		};
		A5E07B982D07AD4100B107AE /* Release */ = {
			isa = XCBuildConfiguration;
			buildSettings = {
				ASSETCATALOG_COMPILER_APPICON_NAME = AppIcon;
				ASSETCATALOG_COMPILER_GLOBAL_ACCENT_COLOR_NAME = AccentColor;
				CODE_SIGN_STYLE = Automatic;
				CURRENT_PROJECT_VERSION = 1;
				DEVELOPMENT_ASSET_PATHS = "\"SaunaApp/Preview Content\"";
				ENABLE_PREVIEWS = YES;
				GENERATE_INFOPLIST_FILE = YES;
				INFOPLIST_KEY_UIApplicationSceneManifest_Generation = YES;
				INFOPLIST_KEY_UIApplicationSupportsIndirectInputEvents = YES;
				INFOPLIST_KEY_UILaunchScreen_Generation = YES;
				INFOPLIST_KEY_UISupportedInterfaceOrientations_iPad = "UIInterfaceOrientationPortrait UIInterfaceOrientationPortraitUpsideDown UIInterfaceOrientationLandscapeLeft UIInterfaceOrientationLandscapeRight";
				INFOPLIST_KEY_UISupportedInterfaceOrientations_iPhone = "UIInterfaceOrientationPortrait UIInterfaceOrientationLandscapeLeft UIInterfaceOrientationLandscapeRight";
				LD_RUNPATH_SEARCH_PATHS = (
					"$(inherited)",
					"@executable_path/Frameworks",
				);
				MARKETING_VERSION = 1.0;
				PRODUCT_BUNDLE_IDENTIFIER = eli.SaunaApp;
				PRODUCT_NAME = "$(TARGET_NAME)";
				SWIFT_EMIT_LOC_STRINGS = YES;
				SWIFT_VERSION = 5.0;
				TARGETED_DEVICE_FAMILY = "1,2";
			};
			name = Release;
		};
		A5E07B9A2D07AD4100B107AE /* Debug */ = {
			isa = XCBuildConfiguration;
			buildSettings = {
				ALWAYS_EMBED_SWIFT_STANDARD_LIBRARIES = YES;
				BUNDLE_LOADER = "$(TEST_HOST)";
				CODE_SIGN_STYLE = Automatic;
				CURRENT_PROJECT_VERSION = 1;
				GENERATE_INFOPLIST_FILE = YES;
				IPHONEOS_DEPLOYMENT_TARGET = 17.0;
				MARKETING_VERSION = 1.0;
				PRODUCT_BUNDLE_IDENTIFIER = eli.SaunaAppTests;
				PRODUCT_NAME = "$(TARGET_NAME)";
				SWIFT_EMIT_LOC_STRINGS = NO;
				SWIFT_VERSION = 5.0;
				TARGETED_DEVICE_FAMILY = "1,2";
				TEST_HOST = "$(BUILT_PRODUCTS_DIR)/SaunaApp.app/$(BUNDLE_EXECUTABLE_FOLDER_PATH)/SaunaApp";
			};
			name = Debug;
		};
		A5E07B9B2D07AD4100B107AE /* Release */ = {
			isa = XCBuildConfiguration;
			buildSettings = {
				ALWAYS_EMBED_SWIFT_STANDARD_LIBRARIES = YES;
				BUNDLE_LOADER = "$(TEST_HOST)";
				CODE_SIGN_STYLE = Automatic;
				CURRENT_PROJECT_VERSION = 1;
				GENERATE_INFOPLIST_FILE = YES;
				IPHONEOS_DEPLOYMENT_TARGET = 17.0;
				MARKETING_VERSION = 1.0;
				PRODUCT_BUNDLE_IDENTIFIER = eli.SaunaAppTests;
				PRODUCT_NAME = "$(TARGET_NAME)";
				SWIFT_EMIT_LOC_STRINGS = NO;
				SWIFT_VERSION = 5.0;
				TARGETED_DEVICE_FAMILY = "1,2";
				TEST_HOST = "$(BUILT_PRODUCTS_DIR)/SaunaApp.app/$(BUNDLE_EXECUTABLE_FOLDER_PATH)/SaunaApp";
			};
			name = Release;
		};
		A5E07B9D2D07AD4100B107AE /* Debug */ = {
			isa = XCBuildConfiguration;
			buildSettings = {
				ALWAYS_EMBED_SWIFT_STANDARD_LIBRARIES = YES;
				CODE_SIGN_STYLE = Automatic;
				CURRENT_PROJECT_VERSION = 1;
				GENERATE_INFOPLIST_FILE = YES;
				MARKETING_VERSION = 1.0;
				PRODUCT_BUNDLE_IDENTIFIER = eli.SaunaAppUITests;
				PRODUCT_NAME = "$(TARGET_NAME)";
				SWIFT_EMIT_LOC_STRINGS = NO;
				SWIFT_VERSION = 5.0;
				TARGETED_DEVICE_FAMILY = "1,2";
				TEST_TARGET_NAME = SaunaApp;
			};
			name = Debug;
		};
		A5E07B9E2D07AD4100B107AE /* Release */ = {
			isa = XCBuildConfiguration;
			buildSettings = {
				ALWAYS_EMBED_SWIFT_STANDARD_LIBRARIES = YES;
				CODE_SIGN_STYLE = Automatic;
				CURRENT_PROJECT_VERSION = 1;
				GENERATE_INFOPLIST_FILE = YES;
				MARKETING_VERSION = 1.0;
				PRODUCT_BUNDLE_IDENTIFIER = eli.SaunaAppUITests;
				PRODUCT_NAME = "$(TARGET_NAME)";
				SWIFT_EMIT_LOC_STRINGS = NO;
				SWIFT_VERSION = 5.0;
				TARGETED_DEVICE_FAMILY = "1,2";
				TEST_TARGET_NAME = SaunaApp;
			};
			name = Release;
		};
/* End XCBuildConfiguration section */

/* Begin XCConfigurationList section */
		A5E07B6D2D07AD4000B107AE /* Build configuration list for PBXProject "SaunaApp" */ = {
			isa = XCConfigurationList;
			buildConfigurations = (
				A5E07B942D07AD4100B107AE /* Debug */,
				A5E07B952D07AD4100B107AE /* Release */,
			);
			defaultConfigurationIsVisible = 0;
			defaultConfigurationName = Release;
		};
		A5E07B962D07AD4100B107AE /* Build configuration list for PBXNativeTarget "SaunaApp" */ = {
			isa = XCConfigurationList;
			buildConfigurations = (
				A5E07B972D07AD4100B107AE /* Debug */,
				A5E07B982D07AD4100B107AE /* Release */,
			);
			defaultConfigurationIsVisible = 0;
			defaultConfigurationName = Release;
		};
		A5E07B992D07AD4100B107AE /* Build configuration list for PBXNativeTarget "SaunaAppTests" */ = {
			isa = XCConfigurationList;
			buildConfigurations = (
				A5E07B9A2D07AD4100B107AE /* Debug */,
				A5E07B9B2D07AD4100B107AE /* Release */,
			);
			defaultConfigurationIsVisible = 0;
			defaultConfigurationName = Release;
		};
		A5E07B9C2D07AD4100B107AE /* Build configuration list for PBXNativeTarget "SaunaAppUITests" */ = {
			isa = XCConfigurationList;
			buildConfigurations = (
				A5E07B9D2D07AD4100B107AE /* Debug */,
				A5E07B9E2D07AD4100B107AE /* Release */,
			);
			defaultConfigurationIsVisible = 0;
			defaultConfigurationName = Release;
		};
/* End XCConfigurationList section */

/* Begin XCRemoteSwiftPackageReference section */
		A526A5392D0A752C006697B6 /* XCRemoteSwiftPackageReference "SwiftyJSON" */ = {
			isa = XCRemoteSwiftPackageReference;
			repositoryURL = "https://github.com/SwiftyJSON/SwiftyJSON";
			requirement = {
				kind = upToNextMajorVersion;
				minimumVersion = 5.0.2;
			};
		};
/* End XCRemoteSwiftPackageReference section */

/* Begin XCSwiftPackageProductDependency section */
		A526A53A2D0A752C006697B6 /* SwiftyJSON */ = {
			isa = XCSwiftPackageProductDependency;
			package = A526A5392D0A752C006697B6 /* XCRemoteSwiftPackageReference "SwiftyJSON" */;
			productName = SwiftyJSON;
		};
/* End XCSwiftPackageProductDependency section */
	};
	rootObject = A5E07B6A2D07AD4000B107AE /* Project object */;
}
